lockfileVersion: '6.0'

dependencies:
  localforage:
    specifier: ^1.10.0
    version: registry.npmmirror.com/localforage@1.10.0

devDependencies:
  '@types/react':
    specifier: ^18.0.28
    version: registry.npmmirror.com/@types/react@18.0.28
  react:
    specifier: ^18.2.0
    version: registry.npmmirror.com/react@18.2.0
  typescript:
    specifier: ^4.9.5
    version: registry.npmmirror.com/typescript@4.9.5

packages:

  registry.npmmirror.com/@types/prop-types@15.7.5:
    resolution: {integrity: sha512-JCB8C6SnDoQf0cNycqd/35A7MjcnK+ZTqE7judS6o7utxUCg6imJg3QK2qzHKszlTjcj2cn+NwMB2i96ubpj7w==, registry: https://registry.npm.taobao.org/, tarball: https://registry.npmmirror.com/@types/prop-types/-/prop-types-15.7.5.tgz}
    name: '@types/prop-types'
    version: 15.7.5
    dev: true

  registry.npmmirror.com/@types/react@18.0.28:
    resolution: {integrity: sha512-RD0ivG1kEztNBdoAK7lekI9M+azSnitIn85h4iOiaLjaTrMjzslhaqCGaI4IyCJ1RljWiLCEu4jyrLLgqxBTew==, registry: https://registry.npm.taobao.org/, tarball: https://registry.npmmirror.com/@types/react/-/react-18.0.28.tgz}
    name: '@types/react'
    version: 18.0.28
    dependencies:
      '@types/prop-types': registry.npmmirror.com/@types/prop-types@15.7.5
      '@types/scheduler': registry.npmmirror.com/@types/scheduler@0.16.2
      csstype: registry.npmmirror.com/csstype@3.1.1
    dev: true

  registry.npmmirror.com/@types/scheduler@0.16.2:
    resolution: {integrity: sha512-hppQEBDmlwhFAXKJX2KnWLYu5yMfi91yazPb2l+lbJiwW+wdo1gNeRA+3RgNSO39WYX2euey41KEwnqesU2Jew==, registry: https://registry.npm.taobao.org/, tarball: https://registry.npmmirror.com/@types/scheduler/-/scheduler-0.16.2.tgz}
    name: '@types/scheduler'
    version: 0.16.2
    dev: true

  registry.npmmirror.com/csstype@3.1.1:
    resolution: {integrity: sha512-DJR/VvkAvSZW9bTouZue2sSxDwdTN92uHjqeKVm+0dAqdfNykRzQ95tay8aXMBAAPpUiq4Qcug2L7neoRh2Egw==, registry: https://registry.npm.taobao.org/, tarball: https://registry.npmmirror.com/csstype/-/csstype-3.1.1.tgz}
    name: csstype
    version: 3.1.1
    dev: true

  registry.npmmirror.com/immediate@3.0.6:
    resolution: {integrity: sha512-XXOFtyqDjNDAQxVfYxuF7g9Il/IbWmmlQg2MYKOH8ExIT1qg6xc4zyS3HaEEATgs1btfzxq15ciUiY7gjSXRGQ==, registry: https://registry.npm.taobao.org/, tarball: https://registry.npmmirror.com/immediate/-/immediate-3.0.6.tgz}
    name: immediate
    version: 3.0.6
    dev: false

  registry.npmmirror.com/js-tokens@4.0.0:
    resolution: {integrity: sha512-RdJUflcE3cUzKiMqQgsCu06FPu9UdIJO0beYbPhHN4k6apgJtifcoCtT9bcxOpYBtpD2kCM6Sbzg4CausW/PKQ==, registry: https://registry.npm.taobao.org/, tarball: https://registry.npmmirror.com/js-tokens/-/js-tokens-4.0.0.tgz}
    name: js-tokens
    version: 4.0.0
    dev: true

  registry.npmmirror.com/lie@3.1.1:
    resolution: {integrity: sha512-RiNhHysUjhrDQntfYSfY4MU24coXXdEOgw9WGcKHNeEwffDYbF//u87M1EWaMGzuFoSbqW0C9C6lEEhDOAswfw==, registry: https://registry.npm.taobao.org/, tarball: https://registry.npmmirror.com/lie/-/lie-3.1.1.tgz}
    name: lie
    version: 3.1.1
    dependencies:
      immediate: registry.npmmirror.com/immediate@3.0.6
    dev: false

  registry.npmmirror.com/localforage@1.10.0:
    resolution: {integrity: sha512-14/H1aX7hzBBmmh7sGPd+AOMkkIrHM3Z1PAyGgZigA1H1p5O5ANnMyWzvpAETtG68/dC4pC0ncy3+PPGzXZHPg==, registry: https://registry.npm.taobao.org/, tarball: https://registry.npmmirror.com/localforage/-/localforage-1.10.0.tgz}
    name: localforage
    version: 1.10.0
    dependencies:
      lie: registry.npmmirror.com/lie@3.1.1
    dev: false

  registry.npmmirror.com/loose-envify@1.4.0:
    resolution: {integrity: sha512-lyuxPGr/Wfhrlem2CL/UcnUc1zcqKAImBDzukY7Y5F/yQiNdko6+fRLevlw1HgMySw7f611UIY408EtxRSoK3Q==, registry: https://registry.npm.taobao.org/, tarball: https://registry.npmmirror.com/loose-envify/-/loose-envify-1.4.0.tgz}
    name: loose-envify
    version: 1.4.0
    hasBin: true
    dependencies:
      js-tokens: registry.npmmirror.com/js-tokens@4.0.0
    dev: true

  registry.npmmirror.com/react@18.2.0:
    resolution: {integrity: sha512-/3IjMdb2L9QbBdWiW5e3P2/npwMBaU9mHCSCUzNln0ZCYbcfTsGbTJrU/kGemdH2IWmB2ioZ+zkxtmq6g09fGQ==, registry: https://registry.npm.taobao.org/, tarball: https://registry.npmmirror.com/react/-/react-18.2.0.tgz}
    name: react
    version: 18.2.0
    engines: {node: '>=0.10.0'}
    dependencies:
      loose-envify: registry.npmmirror.com/loose-envify@1.4.0
    dev: true

  registry.npmmirror.com/typescript@4.9.5:
    resolution: {integrity: sha512-1FXk9E2Hm+QzZQ7z+McJiHL4NW1F2EzMu9Nq9i3zAaGqibafqYwCVU6WyWAuyQRRzOlxou8xZSyXLEN8oKj24g==, registry: https://registry.npm.taobao.org/, tarball: https://registry.npmmirror.com/typescript/-/typescript-4.9.5.tgz}
    name: typescript
    version: 4.9.5
    engines: {node: '>=4.2.0'}
    hasBin: true
    dev: true
