# THIS IS AN AUTOGENERATED FILE. DO NOT EDIT THIS FILE DIRECTLY.
# yarn lockfile v1


"@types/prop-types@*":
  version "15.7.3"
  resolved "https://registry.npm.taobao.org/@types/prop-types/download/@types/prop-types-15.7.3.tgz?cache=0&sync_timestamp=1613379633472&other_urls=https%3A%2F%2Fregistry.npm.taobao.org%2F%40types%2Fprop-types%2Fdownload%2F%40types%2Fprop-types-15.7.3.tgz#2ab0d5da2e5815f94b0b9d4b95d1e5f243ab2ca7"
  integrity sha1-KrDV2i5YFflLC51LldHl8kOrLKc=

"@types/react@^17.0.2":
  version "17.0.2"
  resolved "https://registry.npm.taobao.org/@types/react/download/@types/react-17.0.2.tgz#3de24c4efef902dd9795a49c75f760cbe4f7a5a8"
  integrity sha1-PeJMTv75At2XlaScdfdgy+T3pag=
  dependencies:
    "@types/prop-types" "*"
    csstype "^3.0.2"

csstype@^3.0.2:
  version "3.0.7"
  resolved "https://registry.npm.taobao.org/csstype/download/csstype-3.0.7.tgz#2a5fb75e1015e84dd15692f71e89a1450290950b"
  integrity sha1-Kl+3XhAV6E3RVpL3HomhRQKQlQs=

typescript@^4.2.2:
  version "4.2.2"
  resolved "https://registry.npm.taobao.org/typescript/download/typescript-4.2.2.tgz?cache=0&sync_timestamp=1614323994898&other_urls=https%3A%2F%2Fregistry.npm.taobao.org%2Ftypescript%2Fdownload%2Ftypescript-4.2.2.tgz#1450f020618f872db0ea17317d16d8da8ddb8c4c"
  integrity sha1-FFDwIGGPhy2w6hcxfRbY2o3bjEw=
